
Microsoft Visual Studio Solution File, Format Version 12.00
# Visual Studio Version 17
VisualStudioVersion = 17.0.31903.59
MinimumVisualStudioVersion = 10.0.40219.1
Project("{2150E333-8FDC-42A3-9474-1A3956D46DE8}") = "src", "src", "{6412B027-2078-4203-86DB-E2B7B77BEC4E}"
EndProject
Project("{FAE04EC0-301F-11D3-BF4B-00C04F79EFBC}") = "PulumiDemo.PersonService", "src\PulumiDemo.PersonService\PulumiDemo.PersonService.csproj", "{5F584AB3-3209-4011-B8A2-92809527E820}"
EndProject
Project("{FAE04EC0-301F-11D3-BF4B-00C04F79EFBC}") = "PulumiDemo.PersonService.Infrastructure", "infrastructure\PulumiDemo.PersonService.Infrastructure.csproj", "{291F2C18-CC17-425B-AF41-86CDB6DF774D}"
EndProject
Global
	GlobalSection(SolutionConfigurationPlatforms) = preSolution
		Debug|Any CPU = Debug|Any CPU
		Release|Any CPU = Release|Any CPU
	EndGlobalSection
	GlobalSection(SolutionProperties) = preSolution
		HideSolutionNode = FALSE
	EndGlobalSection
	GlobalSection(ProjectConfigurationPlatforms) = postSolution
		{5F584AB3-3209-4011-B8A2-92809527E820}.Debug|Any CPU.ActiveCfg = Debug|Any CPU
		{5F584AB3-3209-4011-B8A2-92809527E820}.Debug|Any CPU.Build.0 = Debug|Any CPU
		{5F584AB3-3209-4011-B8A2-92809527E820}.Release|Any CPU.ActiveCfg = Release|Any CPU
		{5F584AB3-3209-4011-B8A2-92809527E820}.Release|Any CPU.Build.0 = Release|Any CPU
		{291F2C18-CC17-425B-AF41-86CDB6DF774D}.Debug|Any CPU.ActiveCfg = Debug|Any CPU
		{291F2C18-CC17-425B-AF41-86CDB6DF774D}.Debug|Any CPU.Build.0 = Debug|Any CPU
		{291F2C18-CC17-425B-AF41-86CDB6DF774D}.Release|Any CPU.ActiveCfg = Release|Any CPU
		{291F2C18-CC17-425B-AF41-86CDB6DF774D}.Release|Any CPU.Build.0 = Release|Any CPU
	EndGlobalSection
	GlobalSection(NestedProjects) = preSolution
		{5F584AB3-3209-4011-B8A2-92809527E820} = {6412B027-2078-4203-86DB-E2B7B77BEC4E}
	EndGlobalSection
EndGlobal
